
Microsoft Visual Studio Solution File, Format Version 12.00
# Visual Studio Version 16
VisualStudioVersion = 16.0.29411.138
MinimumVisualStudioVersion = 10.0.40219.1
Project("{9A19103F-16F7-4668-BE54-9A1E7A4F7556}") = "DataBrowser", "DataBrowser.csproj", "{56D4AF97-07BC-49F3-A539-3FBAFDBB8153}"
EndProject
Project("{9A19103F-16F7-4668-BE54-9A1E7A4F7556}") = "AzureStorage", "..\AzureStorage\AzureStorage.csproj", "{9C82A700-B53C-4B39-91D1-37291648BA07}"
EndProject
Project("{9A19103F-16F7-4668-BE54-9A1E7A4F7556}") = "Celin.AIS", "..\Celin.AIS\Celin.AIS.csproj", "{7417DD21-C848-4C1D-964F-C327988336CD}"
EndProject
Global
	GlobalSection(SolutionConfigurationPlatforms) = preSolution
		Debug|Any CPU = Debug|Any CPU
		Release|Any CPU = Release|Any CPU
	EndGlobalSection
	GlobalSection(ProjectConfigurationPlatforms) = postSolution
		{56D4AF97-07BC-49F3-A539-3FBAFDBB8153}.Debug|Any CPU.ActiveCfg = Debug|Any CPU
		{56D4AF97-07BC-49F3-A539-3FBAFDBB8153}.Debug|Any CPU.Build.0 = Debug|Any CPU
		{56D4AF97-07BC-49F3-A539-3FBAFDBB8153}.Release|Any CPU.ActiveCfg = Release|Any CPU
		{56D4AF97-07BC-49F3-A539-3FBAFDBB8153}.Release|Any CPU.Build.0 = Release|Any CPU
		{9C82A700-B53C-4B39-91D1-37291648BA07}.Debug|Any CPU.ActiveCfg = Debug|Any CPU
		{9C82A700-B53C-4B39-91D1-37291648BA07}.Debug|Any CPU.Build.0 = Debug|Any CPU
		{9C82A700-B53C-4B39-91D1-37291648BA07}.Release|Any CPU.ActiveCfg = Release|Any CPU
		{9C82A700-B53C-4B39-91D1-37291648BA07}.Release|Any CPU.Build.0 = Release|Any CPU
		{7417DD21-C848-4C1D-964F-C327988336CD}.Debug|Any CPU.ActiveCfg = Debug|Any CPU
		{7417DD21-C848-4C1D-964F-C327988336CD}.Debug|Any CPU.Build.0 = Debug|Any CPU
		{7417DD21-C848-4C1D-964F-C327988336CD}.Release|Any CPU.ActiveCfg = Release|Any CPU
		{7417DD21-C848-4C1D-964F-C327988336CD}.Release|Any CPU.Build.0 = Release|Any CPU
	EndGlobalSection
	GlobalSection(SolutionProperties) = preSolution
		HideSolutionNode = FALSE
	EndGlobalSection
	GlobalSection(ExtensibilityGlobals) = postSolution
		SolutionGuid = {96F1FF8D-06AE-4BE7-A531-9954BD976BAF}
	EndGlobalSection
EndGlobal
